
Microsoft Visual Studio Solution File, Format Version 12.00
# Visual Studio Version 16
VisualStudioVersion = 16.0.32929.386
MinimumVisualStudioVersion = 10.0.40219.1
Project("{FAE04EC0-301F-11D3-BF4B-00C04F79EFBC}") = "final_project1", "final_project1\final_project1.csproj", "{1035D54F-EB9E-424A-B866-B4C0457265DB}"
EndProject
Global
	GlobalSection(SolutionConfigurationPlatforms) = preSolution
		Debug|Any CPU = Debug|Any CPU
		Release|Any CPU = Release|Any CPU
	EndGlobalSection
	GlobalSection(ProjectConfigurationPlatforms) = postSolution
		{1035D54F-EB9E-424A-B866-B4C0457265DB}.Debug|Any CPU.ActiveCfg = Debug|Any CPU
		{1035D54F-EB9E-424A-B866-B4C0457265DB}.Debug|Any CPU.Build.0 = Debug|Any CPU
		{1035D54F-EB9E-424A-B866-B4C0457265DB}.Release|Any CPU.ActiveCfg = Release|Any CPU
		{1035D54F-EB9E-424A-B866-B4C0457265DB}.Release|Any CPU.Build.0 = Release|Any CPU
	EndGlobalSection
	GlobalSection(SolutionProperties) = preSolution
		HideSolutionNode = FALSE
	EndGlobalSection
	GlobalSection(ExtensibilityGlobals) = postSolution
		SolutionGuid = {01E1B126-0293-46C8-B348-4EB09078B422}
	EndGlobalSection
EndGlobal
